
Microsoft Visual Studio Solution File, Format Version 12.00
# Visual Studio 15
VisualStudioVersion = 15.0.28010.2036
MinimumVisualStudioVersion = 10.0.40219.1
Project("{FAE04EC0-301F-11D3-BF4B-00C04F79EFBC}") = "ICGEMDownloader", "ICGEMDownloader\ICGEMDownloader.csproj", "{3D8576D3-85F6-4936-9C69-DBA5B047B585}"
EndProject
Global
	GlobalSection(SolutionConfigurationPlatforms) = preSolution
		Debug|Any CPU = Debug|Any CPU
		Release|Any CPU = Release|Any CPU
	EndGlobalSection
	GlobalSection(ProjectConfigurationPlatforms) = postSolution
		{3D8576D3-85F6-4936-9C69-DBA5B047B585}.Debug|Any CPU.ActiveCfg = Debug|Any CPU
		{3D8576D3-85F6-4936-9C69-DBA5B047B585}.Debug|Any CPU.Build.0 = Debug|Any CPU
		{3D8576D3-85F6-4936-9C69-DBA5B047B585}.Release|Any CPU.ActiveCfg = Release|Any CPU
		{3D8576D3-85F6-4936-9C69-DBA5B047B585}.Release|Any CPU.Build.0 = Release|Any CPU
	EndGlobalSection
	GlobalSection(SolutionProperties) = preSolution
		HideSolutionNode = FALSE
	EndGlobalSection
	GlobalSection(ExtensibilityGlobals) = postSolution
		SolutionGuid = {5E27B1B6-990E-4A7B-95CF-0DF55B20B3AC}
	EndGlobalSection
EndGlobal
